
Microsoft Visual Studio Solution File, Format Version 12.00
# Visual Studio 15
VisualStudioVersion = 15.0.27703.2035
MinimumVisualStudioVersion = 10.0.40219.1
Project("{FAE04EC0-301F-11D3-BF4B-00C04F79EFBC}") = "SU-Casino", "SU-Casino\SU-Casino.csproj", "{9608F677-A968-4FB7-BBC2-ADDDAD9BD0E6}"
EndProject
Global
	GlobalSection(SolutionConfigurationPlatforms) = preSolution
		Debug|Any CPU = Debug|Any CPU
		Release|Any CPU = Release|Any CPU
	EndGlobalSection
	GlobalSection(ProjectConfigurationPlatforms) = postSolution
		{9608F677-A968-4FB7-BBC2-ADDDAD9BD0E6}.Debug|Any CPU.ActiveCfg = Debug|Any CPU
		{9608F677-A968-4FB7-BBC2-ADDDAD9BD0E6}.Debug|Any CPU.Build.0 = Debug|Any CPU
		{9608F677-A968-4FB7-BBC2-ADDDAD9BD0E6}.Release|Any CPU.ActiveCfg = Release|Any CPU
		{9608F677-A968-4FB7-BBC2-ADDDAD9BD0E6}.Release|Any CPU.Build.0 = Release|Any CPU
	EndGlobalSection
	GlobalSection(SolutionProperties) = preSolution
		HideSolutionNode = FALSE
	EndGlobalSection
	GlobalSection(ExtensibilityGlobals) = postSolution
		SolutionGuid = {24788C72-7FC7-4340-A886-C38ACC301027}
	EndGlobalSection
EndGlobal
